
Microsoft Visual Studio Solution File, Format Version 12.00
Project("{FAE04EC0-301F-11D3-BF4B-00C04F79EFBC}") = "CartEase.Api", "src\CartEase.Api\CartEase.Api.csproj", "{87392CEB-DCF1-4537-A24C-12BA2E027528}"
EndProject
Global
	GlobalSection(SolutionConfigurationPlatforms) = preSolution
		Debug|Any CPU = Debug|Any CPU
		Release|Any CPU = Release|Any CPU
	EndGlobalSection
	GlobalSection(ProjectConfigurationPlatforms) = postSolution
		{87392CEB-DCF1-4537-A24C-12BA2E027528}.Debug|Any CPU.ActiveCfg = Debug|Any CPU
		{87392CEB-DCF1-4537-A24C-12BA2E027528}.Debug|Any CPU.Build.0 = Debug|Any CPU
		{87392CEB-DCF1-4537-A24C-12BA2E027528}.Release|Any CPU.ActiveCfg = Release|Any CPU
		{87392CEB-DCF1-4537-A24C-12BA2E027528}.Release|Any CPU.Build.0 = Release|Any CPU
	EndGlobalSection
EndGlobal
